
Microsoft Visual Studio Solution File, Format Version 12.00
# Visual Studio Version 16
VisualStudioVersion = 16.0.31402.337
MinimumVisualStudioVersion = 10.0.40219.1
Project("{FAE04EC0-301F-11D3-BF4B-00C04F79EFBC}") = "ArraysStrings", "ArraysStrings\ArraysStrings.csproj", "{958D25FB-246D-4E62-9C04-AC5B7DD19613}"
EndProject
Global
	GlobalSection(SolutionConfigurationPlatforms) = preSolution
		Debug|Any CPU = Debug|Any CPU
		Release|Any CPU = Release|Any CPU
	EndGlobalSection
	GlobalSection(ProjectConfigurationPlatforms) = postSolution
		{958D25FB-246D-4E62-9C04-AC5B7DD19613}.Debug|Any CPU.ActiveCfg = Debug|Any CPU
		{958D25FB-246D-4E62-9C04-AC5B7DD19613}.Debug|Any CPU.Build.0 = Debug|Any CPU
		{958D25FB-246D-4E62-9C04-AC5B7DD19613}.Release|Any CPU.ActiveCfg = Release|Any CPU
		{958D25FB-246D-4E62-9C04-AC5B7DD19613}.Release|Any CPU.Build.0 = Release|Any CPU
	EndGlobalSection
	GlobalSection(SolutionProperties) = preSolution
		HideSolutionNode = FALSE
	EndGlobalSection
	GlobalSection(ExtensibilityGlobals) = postSolution
		SolutionGuid = {2C264756-00F7-4152-BCAA-4D568E7B1E95}
	EndGlobalSection
EndGlobal
