
Microsoft Visual Studio Solution File, Format Version 12.00
# Visual Studio Version 16
VisualStudioVersion = 16.0.31402.337
MinimumVisualStudioVersion = 10.0.40219.1
Project("{FAE04EC0-301F-11D3-BF4B-00C04F79EFBC}") = "Operator Program", "Operator Program\Operator Program.csproj", "{AE560A9C-0CF9-452D-A482-A43A95C2E880}"
EndProject
Global
	GlobalSection(SolutionConfigurationPlatforms) = preSolution
		Debug|Any CPU = Debug|Any CPU
		Release|Any CPU = Release|Any CPU
	EndGlobalSection
	GlobalSection(ProjectConfigurationPlatforms) = postSolution
		{AE560A9C-0CF9-452D-A482-A43A95C2E880}.Debug|Any CPU.ActiveCfg = Debug|Any CPU
		{AE560A9C-0CF9-452D-A482-A43A95C2E880}.Debug|Any CPU.Build.0 = Debug|Any CPU
		{AE560A9C-0CF9-452D-A482-A43A95C2E880}.Release|Any CPU.ActiveCfg = Release|Any CPU
		{AE560A9C-0CF9-452D-A482-A43A95C2E880}.Release|Any CPU.Build.0 = Release|Any CPU
	EndGlobalSection
	GlobalSection(SolutionProperties) = preSolution
		HideSolutionNode = FALSE
	EndGlobalSection
	GlobalSection(ExtensibilityGlobals) = postSolution
		SolutionGuid = {F4AB6EB2-BE6E-44D2-810A-50E772A879BD}
	EndGlobalSection
EndGlobal
